<?xml version="1.0" encoding="UTF-8" standalone="yes" ?>
<CodeBlocks_project_file>
	<FileVersion major="1" minor="6" />
	<Project>
		<Option title="MiniProjetPOO" />
		<Option pch_mode="2" />
		<Option compiler="gcc" />
		<Build>
			<Target title="Debug">
				<Option output="bin/Debug/MiniProjetPOO" prefix_auto="1" extension_auto="1" />
				<Option object_output="obj/Debug/" />
				<Option type="1" />
				<Option compiler="gcc" />
				<Compiler>
					<Add option="-g" />
				</Compiler>
			</Target>
			<Target title="Release">
				<Option output="bin/Release/MiniProjetPOO" prefix_auto="1" extension_auto="1" />
				<Option object_output="obj/Release/" />
				<Option type="1" />
				<Option compiler="gcc" />
				<Compiler>
					<Add option="-O2" />
				</Compiler>
				<Linker>
					<Add option="-s" />
				</Linker>
			</Target>
		</Build>
		<Compiler>
			<Add option="-Wall" />
			<Add option="-fexceptions" />
		</Compiler>
		<Unit filename="Bourse.cpp" />
		<Unit filename="Bourse.h" />
		<Unit filename="BourseVector.cpp" />
		<Unit filename="BourseVector.h" />
		<Unit filename="Date.cpp" />
		<Unit filename="Date.h" />
		<Unit filename="PersistancePrixJournaliers.cpp" />
		<Unit filename="PersistancePrixJournaliers.h" />
		<Unit filename="PorteFeuille.cpp" />
		<Unit filename="PorteFeuille.h" />
		<Unit filename="PrixJournalier.cpp" />
		<Unit filename="PrixJournalier.h" />
		<Unit filename="Simulation.cpp" />
		<Unit filename="Simulation.h" />
		<Unit filename="Titre.cpp" />
		<Unit filename="Titre.h" />
		<Unit filename="Trader.cpp" />
		<Unit filename="Trader.h" />
		<Unit filename="TraderAleatoire.cpp" />
		<Unit filename="TraderAleatoire.h" />
		<Unit filename="Transaction.cpp" />
		<Unit filename="Transaction.h" />
		<Unit filename="main.cpp" />
		<Extensions>
			<lib_finder disable_auto="1" />
		</Extensions>
	</Project>
</CodeBlocks_project_file>
